github.com/rsyd29/go-say-hello v1.0.0 h1:XuundQ8lNNysZn4Kn85uGLKyqjrm4SxuSftWFdZ30tE=
github.com/rsyd29/go-say-hello v1.0.0/go.mod h1:CL3CKSSuz7bUYZzXb/8/HHtBKp5LpyNch69rOCg/JLs=
github.com/rsyd29/go-say-hello v1.5.0 h1:f+O157OVFMVXJIJqrFkXLq2lXPRtTOD4Q9JFTNn40Jw=
github.com/rsyd29/go-say-hello v1.5.0/go.mod h1:CL3CKSSuz7bUYZzXb/8/HHtBKp5LpyNch69rOCg/JLs=
github.com/rsyd29/go-say-hello/v2 v2.0.0 h1:UMIgA1v/+oDLP6cSNdT+fIB82Kvvz1Lvb2jumUsxJNc=
github.com/rsyd29/go-say-hello/v2 v2.0.0/go.mod h1:ZaArBrVofVDj+lgIBJyk7kZRNYo89l4c+AkSURN7SnE=
